
Microsoft Visual Studio Solution File, Format Version 12.00
# Visual Studio Version 16
VisualStudioVersion = 16.0.31729.503
MinimumVisualStudioVersion = 10.0.40219.1
Project("{FAE04EC0-301F-11D3-BF4B-00C04F79EFBC}") = "MvcStudentRegisterProject", "MvcStudentRegisterProject\MvcStudentRegisterProject.csproj", "{F5729025-F109-4885-9D65-0E65FCD5E87B}"
EndProject
Global
	GlobalSection(SolutionConfigurationPlatforms) = preSolution
		Debug|Any CPU = Debug|Any CPU
		Release|Any CPU = Release|Any CPU
	EndGlobalSection
	GlobalSection(ProjectConfigurationPlatforms) = postSolution
		{F5729025-F109-4885-9D65-0E65FCD5E87B}.Debug|Any CPU.ActiveCfg = Debug|Any CPU
		{F5729025-F109-4885-9D65-0E65FCD5E87B}.Debug|Any CPU.Build.0 = Debug|Any CPU
		{F5729025-F109-4885-9D65-0E65FCD5E87B}.Release|Any CPU.ActiveCfg = Release|Any CPU
		{F5729025-F109-4885-9D65-0E65FCD5E87B}.Release|Any CPU.Build.0 = Release|Any CPU
	EndGlobalSection
	GlobalSection(SolutionProperties) = preSolution
		HideSolutionNode = FALSE
	EndGlobalSection
	GlobalSection(ExtensibilityGlobals) = postSolution
		SolutionGuid = {0B5E4D4A-4354-4947-BCD2-DF070C007C2B}
	EndGlobalSection
EndGlobal
